
Microsoft Visual Studio Solution File, Format Version 12.00
Project("{FAE04EC0-301F-11D3-BF4B-00C04F79EFBC}") = "Ajuna.SDK.Demos.RestService", "Ajuna.SDK.ScaffoldedProjects\Ajuna.SDK.Demos.RestService\Ajuna.SDK.Demos.RestService.csproj", "{220C7265-AC65-499F-BF76-1D9C540824CC}"
EndProject
Project("{FAE04EC0-301F-11D3-BF4B-00C04F79EFBC}") = "Ajuna.SDK.Demos.NetApi", "Ajuna.SDK.ScaffoldedProjects\Ajuna.SDK.Demos.NetApi\Ajuna.SDK.Demos.NetApi.csproj", "{88B80495-F90C-4307-8C9F-AC7D3DD9D028}"
EndProject
Project("{FAE04EC0-301F-11D3-BF4B-00C04F79EFBC}") = "Ajuna.SDK.Demos.RestClient", "Ajuna.SDK.ScaffoldedProjects\Ajuna.SDK.Demos.RestClient\Ajuna.SDK.Demos.RestClient.csproj", "{C81941E8-F06A-4190-8609-168B6BAF3BD6}"
EndProject
Project("{2150E333-8FDC-42A3-9474-1A3956D46DE8}") = "Node Access via Service Layer", "Node Access via Service Layer", "{BA242F01-D914-4A6F-9426-107459936255}"
EndProject
Project("{2150E333-8FDC-42A3-9474-1A3956D46DE8}") = "Node Direct Access", "Node Direct Access", "{8F7A7C5C-9E1A-438E-A775-392372999674}"
EndProject
Project("{FAE04EC0-301F-11D3-BF4B-00C04F79EFBC}") = "Ajuna.SDK.Demos.DirectSubscription", "Ajuna.SDK.Demos.DirectSubscription\Ajuna.SDK.Demos.DirectSubscription.csproj", "{0BB94EFF-6CDA-4443-874A-D7BEBAF62B1B}"
EndProject
Project("{FAE04EC0-301F-11D3-BF4B-00C04F79EFBC}") = "Ajuna.SDK.Demos.ServiceSubscription", "Ajuna.SDK.Demos.ServiceSubscription\Ajuna.SDK.Demos.ServiceSubscription.csproj", "{1B6CB52A-7509-44EA-849D-8946CC400783}"
EndProject
Project("{FAE04EC0-301F-11D3-BF4B-00C04F79EFBC}") = "Ajuna.SDK.Demos.DirectPolling", "Ajuna.SDK.Demos.DirectPolling\Ajuna.SDK.Demos.DirectPolling.csproj", "{87413D54-6E79-4B66-BDFD-99E08C33A1D6}"
EndProject
Project("{FAE04EC0-301F-11D3-BF4B-00C04F79EFBC}") = "Ajuna.SDK.Demos.ServicePolling", "Ajuna.SDK.Demos.ServicePolling\Ajuna.SDK.Demos.ServicePolling.csproj", "{19D91FC5-5364-491E-A379-F8BB54143AB3}"
EndProject
Global
	GlobalSection(SolutionConfigurationPlatforms) = preSolution
		Debug|Any CPU = Debug|Any CPU
		Release|Any CPU = Release|Any CPU
	EndGlobalSection
	GlobalSection(ProjectConfigurationPlatforms) = postSolution
		{220C7265-AC65-499F-BF76-1D9C540824CC}.Debug|Any CPU.ActiveCfg = Debug|Any CPU
		{220C7265-AC65-499F-BF76-1D9C540824CC}.Debug|Any CPU.Build.0 = Debug|Any CPU
		{220C7265-AC65-499F-BF76-1D9C540824CC}.Release|Any CPU.ActiveCfg = Release|Any CPU
		{220C7265-AC65-499F-BF76-1D9C540824CC}.Release|Any CPU.Build.0 = Release|Any CPU
		{88B80495-F90C-4307-8C9F-AC7D3DD9D028}.Debug|Any CPU.ActiveCfg = Debug|Any CPU
		{88B80495-F90C-4307-8C9F-AC7D3DD9D028}.Debug|Any CPU.Build.0 = Debug|Any CPU
		{88B80495-F90C-4307-8C9F-AC7D3DD9D028}.Release|Any CPU.ActiveCfg = Release|Any CPU
		{88B80495-F90C-4307-8C9F-AC7D3DD9D028}.Release|Any CPU.Build.0 = Release|Any CPU
		{C81941E8-F06A-4190-8609-168B6BAF3BD6}.Debug|Any CPU.ActiveCfg = Debug|Any CPU
		{C81941E8-F06A-4190-8609-168B6BAF3BD6}.Debug|Any CPU.Build.0 = Debug|Any CPU
		{C81941E8-F06A-4190-8609-168B6BAF3BD6}.Release|Any CPU.ActiveCfg = Release|Any CPU
		{C81941E8-F06A-4190-8609-168B6BAF3BD6}.Release|Any CPU.Build.0 = Release|Any CPU
		{0BB94EFF-6CDA-4443-874A-D7BEBAF62B1B}.Debug|Any CPU.ActiveCfg = Debug|Any CPU
		{0BB94EFF-6CDA-4443-874A-D7BEBAF62B1B}.Debug|Any CPU.Build.0 = Debug|Any CPU
		{0BB94EFF-6CDA-4443-874A-D7BEBAF62B1B}.Release|Any CPU.ActiveCfg = Release|Any CPU
		{0BB94EFF-6CDA-4443-874A-D7BEBAF62B1B}.Release|Any CPU.Build.0 = Release|Any CPU
		{1B6CB52A-7509-44EA-849D-8946CC400783}.Debug|Any CPU.ActiveCfg = Debug|Any CPU
		{1B6CB52A-7509-44EA-849D-8946CC400783}.Debug|Any CPU.Build.0 = Debug|Any CPU
		{1B6CB52A-7509-44EA-849D-8946CC400783}.Release|Any CPU.ActiveCfg = Release|Any CPU
		{1B6CB52A-7509-44EA-849D-8946CC400783}.Release|Any CPU.Build.0 = Release|Any CPU
		{87413D54-6E79-4B66-BDFD-99E08C33A1D6}.Debug|Any CPU.ActiveCfg = Debug|Any CPU
		{87413D54-6E79-4B66-BDFD-99E08C33A1D6}.Debug|Any CPU.Build.0 = Debug|Any CPU
		{87413D54-6E79-4B66-BDFD-99E08C33A1D6}.Release|Any CPU.ActiveCfg = Release|Any CPU
		{87413D54-6E79-4B66-BDFD-99E08C33A1D6}.Release|Any CPU.Build.0 = Release|Any CPU
		{19D91FC5-5364-491E-A379-F8BB54143AB3}.Debug|Any CPU.ActiveCfg = Debug|Any CPU
		{19D91FC5-5364-491E-A379-F8BB54143AB3}.Debug|Any CPU.Build.0 = Debug|Any CPU
		{19D91FC5-5364-491E-A379-F8BB54143AB3}.Release|Any CPU.ActiveCfg = Release|Any CPU
		{19D91FC5-5364-491E-A379-F8BB54143AB3}.Release|Any CPU.Build.0 = Release|Any CPU
	EndGlobalSection
	GlobalSection(NestedProjects) = preSolution
		{0BB94EFF-6CDA-4443-874A-D7BEBAF62B1B} = {8F7A7C5C-9E1A-438E-A775-392372999674}
		{1B6CB52A-7509-44EA-849D-8946CC400783} = {BA242F01-D914-4A6F-9426-107459936255}
		{87413D54-6E79-4B66-BDFD-99E08C33A1D6} = {8F7A7C5C-9E1A-438E-A775-392372999674}
		{19D91FC5-5364-491E-A379-F8BB54143AB3} = {BA242F01-D914-4A6F-9426-107459936255}
	EndGlobalSection
EndGlobal
